
Microsoft Visual Studio Solution File, Format Version 12.00
# Visual Studio Version 17
VisualStudioVersion = 17.0.31903.59
MinimumVisualStudioVersion = 10.0.40219.1
Project("{FAE04EC0-301F-11D3-BF4B-00C04F79EFBC}") = "BrowserApp", "BrowserApp\BrowserApp.csproj", "{C7A43894-55C3-453B-AD36-E99206F641E9}"
EndProject
Global
	GlobalSection(SolutionConfigurationPlatforms) = preSolution
		Debug|Any CPU = Debug|Any CPU
		Release|Any CPU = Release|Any CPU
	EndGlobalSection
	GlobalSection(ProjectConfigurationPlatforms) = postSolution
		{C7A43894-55C3-453B-AD36-E99206F641E9}.Debug|Any CPU.ActiveCfg = Debug|Any CPU
		{C7A43894-55C3-453B-AD36-E99206F641E9}.Debug|Any CPU.Build.0 = Debug|Any CPU
		{C7A43894-55C3-453B-AD36-E99206F641E9}.Release|Any CPU.ActiveCfg = Release|Any CPU
		{C7A43894-55C3-453B-AD36-E99206F641E9}.Release|Any CPU.Build.0 = Release|Any CPU
	EndGlobalSection
	GlobalSection(SolutionProperties) = preSolution
		HideSolutionNode = FALSE
	EndGlobalSection
	GlobalSection(ExtensibilityGlobals) = postSolution
		SolutionGuid = {3705EEC4-4915-4DDF-B504-442EA84369E4}
	EndGlobalSection
EndGlobal
